github.com/LazarenkoA/goscheduler v0.0.0-20170523200106-985d22bf8d86 h1:EEcnkvRmPX5infXBTeNB86yrHOng8iscM5guiCqtK8g=
github.com/LazarenkoA/goscheduler v0.0.0-20170523200106-985d22bf8d86/go.mod h1:KYxJOS0aRtsiFD0hcki4r1lVtREkpWfP8msLDI3DUwQ=
github.com/clintjedwards/avail v1.0.0 h1:ALR8fLvTNx3rvMiy1n4PaBl/w2uJtjsOU/JLmhfg+p4=
github.com/clintjedwards/avail v1.0.0/go.mod h1:Le8zAiItB/kf7Jn5u4fUyoekrGqlRLPz0zYaeYZUgvs=
github.com/dwtechnologies/goscheduler v0.0.0-20170523200106-985d22bf8d86 h1:rV8jQvpDZPDnH7eRKZC+Ms4DYJW4tvUI5rzoGhliMuk=
github.com/dwtechnologies/goscheduler v0.0.0-20170523200106-985d22bf8d86/go.mod h1:RAadt5raY5kYPiqECqzXJAF3UwJhIaQTTCtUfIrO1pI=
github.com/garyburd/redigo v1.6.2 h1:yE/pwKCrbLpLpQICzYTeZ7JsTA/C53wFTJHaEtRqniM=
github.com/garyburd/redigo v1.6.2/go.mod h1:NR3MbYisc3/PwhQ00EMzDiPmrwpPxAn5GI05/YaO1SY=
github.com/go-telegram-bot-api/telegram-bot-api v1.0.0 h1:HXVtsZ+yINQeyyhPFAUU4yKmeN+iFhJ87jXZOC016gs=
github.com/go-telegram-bot-api/telegram-bot-api v4.6.4+incompatible h1:2cauKuaELYAEARXRkq2LrJ0yDDv1rW7+wrTEdVL3uaU=
github.com/go-telegram-bot-api/telegram-bot-api v4.6.4+incompatible/go.mod h1:qf9acutJ8cwBUhm1bqgz6Bei9/C/c93FPDljKWwsOgM=
github.com/google/go-cmp v0.5.2/go.mod h1:v8dTdLbMG2kIc/vJvl+f65V22dbkXbowE6jgT/gNBxE=
github.com/matryer/resync v0.0.0-20161211202428-d39c09a11215 h1:hDa3vAq/Zo5gjfJ46XMsGFbH+hTizpR4fUzQCk2nxgk=
github.com/matryer/resync v0.0.0-20161211202428-d39c09a11215/go.mod h1:LH+NgPY9AJpDfqAFtzyer01N9MYNsAKUf3DC9DV1xIY=
github.com/nu7hatch/gouuid v0.0.0-20131221200532-179d4d0c4d8d h1:VhgPp6v9qf9Agr/56bj7Y/xa04UccTW04VP0Qed4vnQ=
github.com/nu7hatch/gouuid v0.0.0-20131221200532-179d4d0c4d8d/go.mod h1:YUTz3bUH2ZwIWBy3CJBeOBEugqcmXREj14T+iG/4k4U=
github.com/technoweenie/multipartstreamer v1.0.1 h1:XRztA5MXiR1TIRHxH2uNxXxaIkKQDeX7m2XsSOlQEnM=
github.com/technoweenie/multipartstreamer v1.0.1/go.mod h1:jNVxdtShOxzAsukZwTSw6MDx5eUJoiEBsSvzDU9uzog=
github.com/ungerik/go-dry v0.0.0-20180411133923-654ae31114c8 h1:p6JzR5AMj5LyCEovRh5MOxmyuuwOEtfcVDwKqsBn41I=
github.com/ungerik/go-dry v0.0.0-20180411133923-654ae31114c8/go.mod h1:+LeLocciSarKa1pxOY7gmBQ7dSk5nB1w1f3nvvLw0j0=
golang.org/x/xerrors v0.0.0-20191204190536-9bdfabe68543/go.mod h1:I/5z698sn9Ka8TeJc9MKroUUfqBBauWjQqLJ2OPfmY0=
gopkg.in/check.v1 v0.0.0-20161208181325-20d25e280405/go.mod h1:Co6ibVJAznAaIkqp8huTwlJQCZ016jof/cbN4VW5Yz0=
gopkg.in/yaml.v2 v2.4.0 h1:D8xgwECY7CYvx+Y2n4sBz93Jn9JRvxdiyyo8CTfuKaY=
gopkg.in/yaml.v2 v2.4.0/go.mod h1:RDklbk79AGWmwhnvt/jBztapEOGDOx6ZbXqjP6csGnQ=
